
Microsoft Visual Studio Solution File, Format Version 12.00
# Visual Studio Version 16
VisualStudioVersion = 16.0.30907.101
MinimumVisualStudioVersion = 10.0.40219.1
Project("{9A19103F-16F7-4668-BE54-9A1E7A4F7556}") = "trellmeup", "trellmeup.csproj", "{D1F78CAB-BB55-428F-9BD5-7B7AE8B615CF}"
EndProject
Global
	GlobalSection(SolutionConfigurationPlatforms) = preSolution
		Debug|Any CPU = Debug|Any CPU
		Release|Any CPU = Release|Any CPU
	EndGlobalSection
	GlobalSection(ProjectConfigurationPlatforms) = postSolution
		{D1F78CAB-BB55-428F-9BD5-7B7AE8B615CF}.Debug|Any CPU.ActiveCfg = Debug|Any CPU
		{D1F78CAB-BB55-428F-9BD5-7B7AE8B615CF}.Debug|Any CPU.Build.0 = Debug|Any CPU
		{D1F78CAB-BB55-428F-9BD5-7B7AE8B615CF}.Release|Any CPU.ActiveCfg = Release|Any CPU
		{D1F78CAB-BB55-428F-9BD5-7B7AE8B615CF}.Release|Any CPU.Build.0 = Release|Any CPU
	EndGlobalSection
	GlobalSection(SolutionProperties) = preSolution
		HideSolutionNode = FALSE
	EndGlobalSection
	GlobalSection(ExtensibilityGlobals) = postSolution
		SolutionGuid = {8E2FC81B-39CA-4177-8C8B-0DDA54FBFB3D}
	EndGlobalSection
EndGlobal
